// !$*UTF8*$!
{
	archiveVersion = 1;
	classes = {
	};
	objectVersion = 48;
	objects = {

/* Begin PBXBuildFile section */
		C1EBC4CD2060D65D00B668BC /* AppDelegate.swift in Sources */ = {isa = PBXBuildFile; fileRef = C1EBC4CC2060D65D00B668BC /* AppDelegate.swift */; };
		C1EBC4CF2060D65D00B668BC /* ViewController.swift in Sources */ = {isa = PBXBuildFile; fileRef = C1EBC4CE2060D65D00B668BC /* ViewController.swift */; };
		C1EBC4D22060D65D00B668BC /* Main.storyboard in Resources */ = {isa = PBXBuildFile; fileRef = C1EBC4D02060D65D00B668BC /* Main.storyboard */; };
		C1EBC4D42060D65D00B668BC /* Assets.xcassets in Resources */ = {isa = PBXBuildFile; fileRef = C1EBC4D32060D65D00B668BC /* Assets.xcassets */; };
		C1EBC4D72060D65D00B668BC /* LaunchScreen.storyboard in Resources */ = {isa = PBXBuildFile; fileRef = C1EBC4D52060D65D00B668BC /* LaunchScreen.storyboard */; };
		C1EBC4E22060D65D00B668BC /* git_demoTests.swift in Sources */ = {isa = PBXBuildFile; fileRef = C1EBC4E12060D65D00B668BC /* git_demoTests.swift */; };
		C1EBC4ED2060D65D00B668BC /* git_demoUITests.swift in Sources */ = {isa = PBXBuildFile; fileRef = C1EBC4EC2060D65D00B668BC /* git_demoUITests.swift */; };
/* End PBXBuildFile section */

/* Begin PBXContainerItemProxy section */
		C1EBC4DE2060D65D00B668BC /* PBXContainerItemProxy */ = {
			isa = PBXContainerItemProxy;
			containerPortal = C1EBC4C12060D65C00B668BC /* Project object */;
			proxyType = 1;
			remoteGlobalIDString = C1EBC4C82060D65C00B668BC;
			remoteInfo = "git demo";
		};
		C1EBC4E92060D65D00B668BC /* PBXContainerItemProxy */ = {
			isa = PBXContainerItemProxy;
			containerPortal = C1EBC4C12060D65C00B668BC /* Project object */;
			proxyType = 1;
			remoteGlobalIDString = C1EBC4C82060D65C00B668BC;
			remoteInfo = "git demo";
		};
/* End PBXContainerItemProxy section */

/* Begin PBXFileReference section */
		C1EBC4C92060D65D00B668BC /* git demo.app */ = {isa = PBXFileReference; explicitFileType = wrapper.application; includeInIndex = 0; path = "git demo.app"; sourceTree = BUILT_PRODUCTS_DIR; };
		C1EBC4CC2060D65D00B668BC /* AppDelegate.swift */ = {isa = PBXFileReference; lastKnownFileType = sourcecode.swift; path = AppDelegate.swift; sourceTree = "<group>"; };
		C1EBC4CE2060D65D00B668BC /* ViewController.swift */ = {isa = PBXFileReference; lastKnownFileType = sourcecode.swift; path = ViewController.swift; sourceTree = "<group>"; };
		C1EBC4D12060D65D00B668BC /* Base */ = {isa = PBXFileReference; lastKnownFileType = file.storyboard; name = Base; path = Base.lproj/Main.storyboard; sourceTree = "<group>"; };
		C1EBC4D32060D65D00B668BC /* Assets.xcassets */ = {isa = PBXFileReference; lastKnownFileType = folder.assetcatalog; path = Assets.xcassets; sourceTree = "<group>"; };
		C1EBC4D62060D65D00B668BC /* Base */ = {isa = PBXFileReference; lastKnownFileType = file.storyboard; name = Base; path = Base.lproj/LaunchScreen.storyboard; sourceTree = "<group>"; };
		C1EBC4D82060D65D00B668BC /* Info.plist */ = {isa = PBXFileReference; lastKnownFileType = text.plist.xml; path = Info.plist; sourceTree = "<group>"; };
		C1EBC4DD2060D65D00B668BC /* git demoTests.xctest */ = {isa = PBXFileReference; explicitFileType = wrapper.cfbundle; includeInIndex = 0; path = "git demoTests.xctest"; sourceTree = BUILT_PRODUCTS_DIR; };
		C1EBC4E12060D65D00B668BC /* git_demoTests.swift */ = {isa = PBXFileReference; lastKnownFileType = sourcecode.swift; path = git_demoTests.swift; sourceTree = "<group>"; };
		C1EBC4E32060D65D00B668BC /* Info.plist */ = {isa = PBXFileReference; lastKnownFileType = text.plist.xml; path = Info.plist; sourceTree = "<group>"; };
		C1EBC4E82060D65D00B668BC /* git demoUITests.xctest */ = {isa = PBXFileReference; explicitFileType = wrapper.cfbundle; includeInIndex = 0; path = "git demoUITests.xctest"; sourceTree = BUILT_PRODUCTS_DIR; };
		C1EBC4EC2060D65D00B668BC /* git_demoUITests.swift */ = {isa = PBXFileReference; lastKnownFileType = sourcecode.swift; path = git_demoUITests.swift; sourceTree = "<group>"; };
		C1EBC4EE2060D65D00B668BC /* Info.plist */ = {isa = PBXFileReference; lastKnownFileType = text.plist.xml; path = Info.plist; sourceTree = "<group>"; };
/* End PBXFileReference section */

/* Begin PBXFrameworksBuildPhase section */
		C1EBC4C62060D65C00B668BC /* Frameworks */ = {
			isa = PBXFrameworksBuildPhase;
			buildActionMask = 2147483647;
			files = (
			);
			runOnlyForDeploymentPostprocessing = 0;
		};
		C1EBC4DA2060D65D00B668BC /* Frameworks */ = {
			isa = PBXFrameworksBuildPhase;
			buildActionMask = 2147483647;
			files = (
			);
			runOnlyForDeploymentPostprocessing = 0;
		};
		C1EBC4E52060D65D00B668BC /* Frameworks */ = {
			isa = PBXFrameworksBuildPhase;
			buildActionMask = 2147483647;
			files = (
			);
			runOnlyForDeploymentPostprocessing = 0;
		};
/* End PBXFrameworksBuildPhase section */

/* Begin PBXGroup section */
		C1EBC4C02060D65C00B668BC = {
			isa = PBXGroup;
			children = (
				C1EBC4CB2060D65D00B668BC /* git demo */,
				C1EBC4E02060D65D00B668BC /* git demoTests */,
				C1EBC4EB2060D65D00B668BC /* git demoUITests */,
				C1EBC4CA2060D65D00B668BC /* Products */,
			);
			sourceTree = "<group>";
		};
		C1EBC4CA2060D65D00B668BC /* Products */ = {
			isa = PBXGroup;
			children = (
				C1EBC4C92060D65D00B668BC /* git demo.app */,
				C1EBC4DD2060D65D00B668BC /* git demoTests.xctest */,
				C1EBC4E82060D65D00B668BC /* git demoUITests.xctest */,
			);
			name = Products;
			sourceTree = "<group>";
		};
		C1EBC4CB2060D65D00B668BC /* git demo */ = {
			isa = PBXGroup;
			children = (
				C1EBC4CC2060D65D00B668BC /* AppDelegate.swift */,
				C1EBC4CE2060D65D00B668BC /* ViewController.swift */,
				C1EBC4D02060D65D00B668BC /* Main.storyboard */,
				C1EBC4D32060D65D00B668BC /* Assets.xcassets */,
				C1EBC4D52060D65D00B668BC /* LaunchScreen.storyboard */,
				C1EBC4D82060D65D00B668BC /* Info.plist */,
			);
			path = "git demo";
			sourceTree = "<group>";
		};
		C1EBC4E02060D65D00B668BC /* git demoTests */ = {
			isa = PBXGroup;
			children = (
				C1EBC4E12060D65D00B668BC /* git_demoTests.swift */,
				C1EBC4E32060D65D00B668BC /* Info.plist */,
			);
			path = "git demoTests";
			sourceTree = "<group>";
		};
		C1EBC4EB2060D65D00B668BC /* git demoUITests */ = {
			isa = PBXGroup;
			children = (
				C1EBC4EC2060D65D00B668BC /* git_demoUITests.swift */,
				C1EBC4EE2060D65D00B668BC /* Info.plist */,
			);
			path = "git demoUITests";
			sourceTree = "<group>";
		};
/* End PBXGroup section */

/* Begin PBXNativeTarget section */
		C1EBC4C82060D65C00B668BC /* git demo */ = {
			isa = PBXNativeTarget;
			buildConfigurationList = C1EBC4F12060D65D00B668BC /* Build configuration list for PBXNativeTarget "git demo" */;
			buildPhases = (
				C1EBC4C52060D65C00B668BC /* Sources */,
				C1EBC4C62060D65C00B668BC /* Frameworks */,
				C1EBC4C72060D65C00B668BC /* Resources */,
			);
			buildRules = (
			);
			dependencies = (
			);
			name = "git demo";
			productName = "git demo";
			productReference = C1EBC4C92060D65D00B668BC /* git demo.app */;
			productType = "com.apple.product-type.application";
		};
		C1EBC4DC2060D65D00B668BC /* git demoTests */ = {
			isa = PBXNativeTarget;
			buildConfigurationList = C1EBC4F42060D65D00B668BC /* Build configuration list for PBXNativeTarget "git demoTests" */;
			buildPhases = (
				C1EBC4D92060D65D00B668BC /* Sources */,
				C1EBC4DA2060D65D00B668BC /* Frameworks */,
				C1EBC4DB2060D65D00B668BC /* Resources */,
			);
			buildRules = (
			);
			dependencies = (
				C1EBC4DF2060D65D00B668BC /* PBXTargetDependency */,
			);
			name = "git demoTests";
			productName = "git demoTests";
			productReference = C1EBC4DD2060D65D00B668BC /* git demoTests.xctest */;
			productType = "com.apple.product-type.bundle.unit-test";
		};
		C1EBC4E72060D65D00B668BC /* git demoUITests */ = {
			isa = PBXNativeTarget;
			buildConfigurationList = C1EBC4F72060D65D00B668BC /* Build configuration list for PBXNativeTarget "git demoUITests" */;
			buildPhases = (
				C1EBC4E42060D65D00B668BC /* Sources */,
				C1EBC4E52060D65D00B668BC /* Frameworks */,
				C1EBC4E62060D65D00B668BC /* Resources */,
			);
			buildRules = (
			);
			dependencies = (
				C1EBC4EA2060D65D00B668BC /* PBXTargetDependency */,
			);
			name = "git demoUITests";
			productName = "git demoUITests";
			productReference = C1EBC4E82060D65D00B668BC /* git demoUITests.xctest */;
			productType = "com.apple.product-type.bundle.ui-testing";
		};
/* End PBXNativeTarget section */

/* Begin PBXProject section */
		C1EBC4C12060D65C00B668BC /* Project object */ = {
			isa = PBXProject;
			attributes = {
				LastSwiftUpdateCheck = 0910;
				LastUpgradeCheck = 0910;
				ORGANIZATIONNAME = "SUMIT MUNDRA";
				TargetAttributes = {
					C1EBC4C82060D65C00B668BC = {
						CreatedOnToolsVersion = 9.1;
						ProvisioningStyle = Automatic;
					};
					C1EBC4DC2060D65D00B668BC = {
						CreatedOnToolsVersion = 9.1;
						ProvisioningStyle = Automatic;
						TestTargetID = C1EBC4C82060D65C00B668BC;
					};
					C1EBC4E72060D65D00B668BC = {
						CreatedOnToolsVersion = 9.1;
						ProvisioningStyle = Automatic;
						TestTargetID = C1EBC4C82060D65C00B668BC;
					};
				};
			};
			buildConfigurationList = C1EBC4C42060D65C00B668BC /* Build configuration list for PBXProject "git demo" */;
			compatibilityVersion = "Xcode 8.0";
			developmentRegion = en;
			hasScannedForEncodings = 0;
			knownRegions = (
				en,
				Base,
			);
			mainGroup = C1EBC4C02060D65C00B668BC;
			productRefGroup = C1EBC4CA2060D65D00B668BC /* Products */;
			projectDirPath = "";
			projectRoot = "";
			targets = (
				C1EBC4C82060D65C00B668BC /* git demo */,
				C1EBC4DC2060D65D00B668BC /* git demoTests */,
				C1EBC4E72060D65D00B668BC /* git demoUITests */,
			);
		};
/* End PBXProject section */

/* Begin PBXResourcesBuildPhase section */
		C1EBC4C72060D65C00B668BC /* Resources */ = {
			isa = PBXResourcesBuildPhase;
			buildActionMask = 2147483647;
			files = (
				C1EBC4D72060D65D00B668BC /* LaunchScreen.storyboard in Resources */,
				C1EBC4D42060D65D00B668BC /* Assets.xcassets in Resources */,
				C1EBC4D22060D65D00B668BC /* Main.storyboard in Resources */,
			);
			runOnlyForDeploymentPostprocessing = 0;
		};
		C1EBC4DB2060D65D00B668BC /* Resources */ = {
			isa = PBXResourcesBuildPhase;
			buildActionMask = 2147483647;
			files = (
			);
			runOnlyForDeploymentPostprocessing = 0;
		};
		C1EBC4E62060D65D00B668BC /* Resources */ = {
			isa = PBXResourcesBuildPhase;
			buildActionMask = 2147483647;
			files = (
			);
			runOnlyForDeploymentPostprocessing = 0;
		};
/* End PBXResourcesBuildPhase section */

/* Begin PBXSourcesBuildPhase section */
		C1EBC4C52060D65C00B668BC /* Sources */ = {
			isa = PBXSourcesBuildPhase;
			buildActionMask = 2147483647;
			files = (
				C1EBC4CF2060D65D00B668BC /* ViewController.swift in Sources */,
				C1EBC4CD2060D65D00B668BC /* AppDelegate.swift in Sources */,
			);
			runOnlyForDeploymentPostprocessing = 0;
		};
		C1EBC4D92060D65D00B668BC /* Sources */ = {
			isa = PBXSourcesBuildPhase;
			buildActionMask = 2147483647;
			files = (
				C1EBC4E22060D65D00B668BC /* git_demoTests.swift in Sources */,
			);
			runOnlyForDeploymentPostprocessing = 0;
		};
		C1EBC4E42060D65D00B668BC /* Sources */ = {
			isa = PBXSourcesBuildPhase;
			buildActionMask = 2147483647;
			files = (
				C1EBC4ED2060D65D00B668BC /* git_demoUITests.swift in Sources */,
			);
			runOnlyForDeploymentPostprocessing = 0;
		};
/* End PBXSourcesBuildPhase section */

/* Begin PBXTargetDependency section */
		C1EBC4DF2060D65D00B668BC /* PBXTargetDependency */ = {
			isa = PBXTargetDependency;
			target = C1EBC4C82060D65C00B668BC /* git demo */;
			targetProxy = C1EBC4DE2060D65D00B668BC /* PBXContainerItemProxy */;
		};
		C1EBC4EA2060D65D00B668BC /* PBXTargetDependency */ = {
			isa = PBXTargetDependency;
			target = C1EBC4C82060D65C00B668BC /* git demo */;
			targetProxy = C1EBC4E92060D65D00B668BC /* PBXContainerItemProxy */;
		};
/* End PBXTargetDependency section */

/* Begin PBXVariantGroup section */
		C1EBC4D02060D65D00B668BC /* Main.storyboard */ = {
			isa = PBXVariantGroup;
			children = (
				C1EBC4D12060D65D00B668BC /* Base */,
			);
			name = Main.storyboard;
			sourceTree = "<group>";
		};
		C1EBC4D52060D65D00B668BC /* LaunchScreen.storyboard */ = {
			isa = PBXVariantGroup;
			children = (
				C1EBC4D62060D65D00B668BC /* Base */,
			);
			name = LaunchScreen.storyboard;
			sourceTree = "<group>";
		};
/* End PBXVariantGroup section */

/* Begin XCBuildConfiguration section */
		C1EBC4EF2060D65D00B668BC /* Debug */ = {
			isa = XCBuildConfiguration;
			buildSettings = {
				ALWAYS_SEARCH_USER_PATHS = NO;
				CLANG_ANALYZER_NONNULL = YES;
				CLANG_ANALYZER_NUMBER_OBJECT_CONVERSION = YES_AGGRESSIVE;
				CLANG_CXX_LANGUAGE_STANDARD = "gnu++14";
				CLANG_CXX_LIBRARY = "libc++";
				CLANG_ENABLE_MODULES = YES;
				CLANG_ENABLE_OBJC_ARC = YES;
				CLANG_WARN_BLOCK_CAPTURE_AUTORELEASING = YES;
				CLANG_WARN_BOOL_CONVERSION = YES;
				CLANG_WARN_COMMA = YES;
				CLANG_WARN_CONSTANT_CONVERSION = YES;
				CLANG_WARN_DIRECT_OBJC_ISA_USAGE = YES_ERROR;
				CLANG_WARN_DOCUMENTATION_COMMENTS = YES;
				CLANG_WARN_EMPTY_BODY = YES;
				CLANG_WARN_ENUM_CONVERSION = YES;
				CLANG_WARN_INFINITE_RECURSION = YES;
				CLANG_WARN_INT_CONVERSION = YES;
				CLANG_WARN_NON_LITERAL_NULL_CONVERSION = YES;
				CLANG_WARN_OBJC_LITERAL_CONVERSION = YES;
				CLANG_WARN_OBJC_ROOT_CLASS = YES_ERROR;
				CLANG_WARN_RANGE_LOOP_ANALYSIS = YES;
				CLANG_WARN_STRICT_PROTOTYPES = YES;
				CLANG_WARN_SUSPICIOUS_MOVE = YES;
				CLANG_WARN_UNGUARDED_AVAILABILITY = YES_AGGRESSIVE;
				CLANG_WARN_UNREACHABLE_CODE = YES;
				CLANG_WARN__DUPLICATE_METHOD_MATCH = YES;
				CODE_SIGN_IDENTITY = "iPhone Developer";
				COPY_PHASE_STRIP = NO;
				DEBUG_INFORMATION_FORMAT = dwarf;
				ENABLE_STRICT_OBJC_MSGSEND = YES;
				ENABLE_TESTABILITY = YES;
				GCC_C_LANGUAGE_STANDARD = gnu11;
				GCC_DYNAMIC_NO_PIC = NO;
				GCC_NO_COMMON_BLOCKS = YES;
				GCC_OPTIMIZATION_LEVEL = 0;
				GCC_PREPROCESSOR_DEFINITIONS = (
					"DEBUG=1",
					"$(inherited)",
				);
				GCC_WARN_64_TO_32_BIT_CONVERSION = YES;
				GCC_WARN_ABOUT_RETURN_TYPE = YES_ERROR;
				GCC_WARN_UNDECLARED_SELECTOR = YES;
				GCC_WARN_UNINITIALIZED_AUTOS = YES_AGGRESSIVE;
				GCC_WARN_UNUSED_FUNCTION = YES;
				GCC_WARN_UNUSED_VARIABLE = YES;
				IPHONEOS_DEPLOYMENT_TARGET = 11.1;
				MTL_ENABLE_DEBUG_INFO = YES;
				ONLY_ACTIVE_ARCH = YES;
				SDKROOT = iphoneos;
				SWIFT_ACTIVE_COMPILATION_CONDITIONS = DEBUG;
				SWIFT_OPTIMIZATION_LEVEL = "-Onone";
			};
			name = Debug;
		};
		C1EBC4F02060D65D00B668BC /* Release */ = {
			isa = XCBuildConfiguration;
			buildSettings = {
				ALWAYS_SEARCH_USER_PATHS = NO;
				CLANG_ANALYZER_NONNULL = YES;
				CLANG_ANALYZER_NUMBER_OBJECT_CONVERSION = YES_AGGRESSIVE;
				CLANG_CXX_LANGUAGE_STANDARD = "gnu++14";
				CLANG_CXX_LIBRARY = "libc++";
				CLANG_ENABLE_MODULES = YES;
				CLANG_ENABLE_OBJC_ARC = YES;
				CLANG_WARN_BLOCK_CAPTURE_AUTORELEASING = YES;
				CLANG_WARN_BOOL_CONVERSION = YES;
				CLANG_WARN_COMMA = YES;
				CLANG_WARN_CONSTANT_CONVERSION = YES;
				CLANG_WARN_DIRECT_OBJC_ISA_USAGE = YES_ERROR;
				CLANG_WARN_DOCUMENTATION_COMMENTS = YES;
				CLANG_WARN_EMPTY_BODY = YES;
				CLANG_WARN_ENUM_CONVERSION = YES;
				CLANG_WARN_INFINITE_RECURSION = YES;
				CLANG_WARN_INT_CONVERSION = YES;
				CLANG_WARN_NON_LITERAL_NULL_CONVERSION = YES;
				CLANG_WARN_OBJC_LITERAL_CONVERSION = YES;
				CLANG_WARN_OBJC_ROOT_CLASS = YES_ERROR;
				CLANG_WARN_RANGE_LOOP_ANALYSIS = YES;
				CLANG_WARN_STRICT_PROTOTYPES = YES;
				CLANG_WARN_SUSPICIOUS_MOVE = YES;
				CLANG_WARN_UNGUARDED_AVAILABILITY = YES_AGGRESSIVE;
				CLANG_WARN_UNREACHABLE_CODE = YES;
				CLANG_WARN__DUPLICATE_METHOD_MATCH = YES;
				CODE_SIGN_IDENTITY = "iPhone Developer";
				COPY_PHASE_STRIP = NO;
				DEBUG_INFORMATION_FORMAT = "dwarf-with-dsym";
				ENABLE_NS_ASSERTIONS = NO;
				ENABLE_STRICT_OBJC_MSGSEND = YES;
				GCC_C_LANGUAGE_STANDARD = gnu11;
				GCC_NO_COMMON_BLOCKS = YES;
				GCC_WARN_64_TO_32_BIT_CONVERSION = YES;
				GCC_WARN_ABOUT_RETURN_TYPE = YES_ERROR;
				GCC_WARN_UNDECLARED_SELECTOR = YES;
				GCC_WARN_UNINITIALIZED_AUTOS = YES_AGGRESSIVE;
				GCC_WARN_UNUSED_FUNCTION = YES;
				GCC_WARN_UNUSED_VARIABLE = YES;
				IPHONEOS_DEPLOYMENT_TARGET = 11.1;
				MTL_ENABLE_DEBUG_INFO = NO;
				SDKROOT = iphoneos;
				SWIFT_OPTIMIZATION_LEVEL = "-Owholemodule";
				VALIDATE_PRODUCT = YES;
			};
			name = Release;
		};
		C1EBC4F22060D65D00B668BC /* Debug */ = {
			isa = XCBuildConfiguration;
			buildSettings = {
				ASSETCATALOG_COMPILER_APPICON_NAME = AppIcon;
				CODE_SIGN_STYLE = Automatic;
				INFOPLIST_FILE = "git demo/Info.plist";
				LD_RUNPATH_SEARCH_PATHS = "$(inherited) @executable_path/Frameworks";
				PRODUCT_BUNDLE_IDENTIFIER = "test.git-demo";
				PRODUCT_NAME = "$(TARGET_NAME)";
				SWIFT_VERSION = 4.0;
				TARGETED_DEVICE_FAMILY = "1,2";
			};
			name = Debug;
		};
		C1EBC4F32060D65D00B668BC /* Release */ = {
			isa = XCBuildConfiguration;
			buildSettings = {
				ASSETCATALOG_COMPILER_APPICON_NAME = AppIcon;
				CODE_SIGN_STYLE = Automatic;
				INFOPLIST_FILE = "git demo/Info.plist";
				LD_RUNPATH_SEARCH_PATHS = "$(inherited) @executable_path/Frameworks";
				PRODUCT_BUNDLE_IDENTIFIER = "test.git-demo";
				PRODUCT_NAME = "$(TARGET_NAME)";
				SWIFT_VERSION = 4.0;
				TARGETED_DEVICE_FAMILY = "1,2";
			};
			name = Release;
		};
		C1EBC4F52060D65D00B668BC /* Debug */ = {
			isa = XCBuildConfiguration;
			buildSettings = {
				ALWAYS_EMBED_SWIFT_STANDARD_LIBRARIES = YES;
				BUNDLE_LOADER = "$(TEST_HOST)";
				CODE_SIGN_STYLE = Automatic;
				INFOPLIST_FILE = "git demoTests/Info.plist";
				LD_RUNPATH_SEARCH_PATHS = "$(inherited) @executable_path/Frameworks @loader_path/Frameworks";
				PRODUCT_BUNDLE_IDENTIFIER = "test.git-demoTests";
				PRODUCT_NAME = "$(TARGET_NAME)";
				SWIFT_VERSION = 4.0;
				TARGETED_DEVICE_FAMILY = "1,2";
				TEST_HOST = "$(BUILT_PRODUCTS_DIR)/git demo.app/git demo";
			};
			name = Debug;
		};
		C1EBC4F62060D65D00B668BC /* Release */ = {
			isa = XCBuildConfiguration;
			buildSettings = {
				ALWAYS_EMBED_SWIFT_STANDARD_LIBRARIES = YES;
				BUNDLE_LOADER = "$(TEST_HOST)";
				CODE_SIGN_STYLE = Automatic;
				INFOPLIST_FILE = "git demoTests/Info.plist";
				LD_RUNPATH_SEARCH_PATHS = "$(inherited) @executable_path/Frameworks @loader_path/Frameworks";
				PRODUCT_BUNDLE_IDENTIFIER = "test.git-demoTests";
				PRODUCT_NAME = "$(TARGET_NAME)";
				SWIFT_VERSION = 4.0;
				TARGETED_DEVICE_FAMILY = "1,2";
				TEST_HOST = "$(BUILT_PRODUCTS_DIR)/git demo.app/git demo";
			};
			name = Release;
		};
		C1EBC4F82060D65D00B668BC /* Debug */ = {
			isa = XCBuildConfiguration;
			buildSettings = {
				ALWAYS_EMBED_SWIFT_STANDARD_LIBRARIES = YES;
				CODE_SIGN_STYLE = Automatic;
				INFOPLIST_FILE = "git demoUITests/Info.plist";
				LD_RUNPATH_SEARCH_PATHS = "$(inherited) @executable_path/Frameworks @loader_path/Frameworks";
				PRODUCT_BUNDLE_IDENTIFIER = "test.git-demoUITests";
				PRODUCT_NAME = "$(TARGET_NAME)";
				SWIFT_VERSION = 4.0;
				TARGETED_DEVICE_FAMILY = "1,2";
				TEST_TARGET_NAME = "git demo";
			};
			name = Debug;
		};
		C1EBC4F92060D65D00B668BC /* Release */ = {
			isa = XCBuildConfiguration;
			buildSettings = {
				ALWAYS_EMBED_SWIFT_STANDARD_LIBRARIES = YES;
				CODE_SIGN_STYLE = Automatic;
				INFOPLIST_FILE = "git demoUITests/Info.plist";
				LD_RUNPATH_SEARCH_PATHS = "$(inherited) @executable_path/Frameworks @loader_path/Frameworks";
				PRODUCT_BUNDLE_IDENTIFIER = "test.git-demoUITests";
				PRODUCT_NAME = "$(TARGET_NAME)";
				SWIFT_VERSION = 4.0;
				TARGETED_DEVICE_FAMILY = "1,2";
				TEST_TARGET_NAME = "git demo";
			};
			name = Release;
		};
/* End XCBuildConfiguration section */

/* Begin XCConfigurationList section */
		C1EBC4C42060D65C00B668BC /* Build configuration list for PBXProject "git demo" */ = {
			isa = XCConfigurationList;
			buildConfigurations = (
				C1EBC4EF2060D65D00B668BC /* Debug */,
				C1EBC4F02060D65D00B668BC /* Release */,
			);
			defaultConfigurationIsVisible = 0;
			defaultConfigurationName = Release;
		};
		C1EBC4F12060D65D00B668BC /* Build configuration list for PBXNativeTarget "git demo" */ = {
			isa = XCConfigurationList;
			buildConfigurations = (
				C1EBC4F22060D65D00B668BC /* Debug */,
				C1EBC4F32060D65D00B668BC /* Release */,
			);
			defaultConfigurationIsVisible = 0;
			defaultConfigurationName = Release;
		};
		C1EBC4F42060D65D00B668BC /* Build configuration list for PBXNativeTarget "git demoTests" */ = {
			isa = XCConfigurationList;
			buildConfigurations = (
				C1EBC4F52060D65D00B668BC /* Debug */,
				C1EBC4F62060D65D00B668BC /* Release */,
			);
			defaultConfigurationIsVisible = 0;
			defaultConfigurationName = Release;
		};
		C1EBC4F72060D65D00B668BC /* Build configuration list for PBXNativeTarget "git demoUITests" */ = {
			isa = XCConfigurationList;
			buildConfigurations = (
				C1EBC4F82060D65D00B668BC /* Debug */,
				C1EBC4F92060D65D00B668BC /* Release */,
			);
			defaultConfigurationIsVisible = 0;
			defaultConfigurationName = Release;
		};
/* End XCConfigurationList section */
	};
	rootObject = C1EBC4C12060D65C00B668BC /* Project object */;
}
